
Microsoft Visual Studio Solution File, Format Version 12.00
# Visual Studio Version 17
VisualStudioVersion = 17.13.35919.96
MinimumVisualStudioVersion = 10.0.40219.1
Project("{FAE04EC0-301F-11D3-BF4B-00C04F79EFBC}") = "spotifyWebApi", "spotifyWebApi\spotifyWebApi.csproj", "{2342E0B7-44CA-463F-B1E1-213A8D5C9A40}"
EndProject
Project("{FAE04EC0-301F-11D3-BF4B-00C04F79EFBC}") = "Modelos", "Modelos\Modelos.csproj", "{BFC8AFDC-96D2-4B6C-BDAF-683C4FA85388}"
EndProject
Project("{FAE04EC0-301F-11D3-BF4B-00C04F79EFBC}") = "Repository", "Repository\Repository.csproj", "{133B9DD5-ABCA-4DFB-9391-61AAB6E5C40A}"
EndProject
Project("{FAE04EC0-301F-11D3-BF4B-00C04F79EFBC}") = "Services", "Services\Services.csproj", "{3D3BAC89-5ECB-474D-B9D2-6AF9EB3DE61F}"
EndProject
Global
	GlobalSection(SolutionConfigurationPlatforms) = preSolution
		Debug|Any CPU = Debug|Any CPU
		Release|Any CPU = Release|Any CPU
	EndGlobalSection
	GlobalSection(ProjectConfigurationPlatforms) = postSolution
		{2342E0B7-44CA-463F-B1E1-213A8D5C9A40}.Debug|Any CPU.ActiveCfg = Debug|Any CPU
		{2342E0B7-44CA-463F-B1E1-213A8D5C9A40}.Debug|Any CPU.Build.0 = Debug|Any CPU
		{2342E0B7-44CA-463F-B1E1-213A8D5C9A40}.Release|Any CPU.ActiveCfg = Release|Any CPU
		{2342E0B7-44CA-463F-B1E1-213A8D5C9A40}.Release|Any CPU.Build.0 = Release|Any CPU
		{BFC8AFDC-96D2-4B6C-BDAF-683C4FA85388}.Debug|Any CPU.ActiveCfg = Debug|Any CPU
		{BFC8AFDC-96D2-4B6C-BDAF-683C4FA85388}.Debug|Any CPU.Build.0 = Debug|Any CPU
		{BFC8AFDC-96D2-4B6C-BDAF-683C4FA85388}.Release|Any CPU.ActiveCfg = Release|Any CPU
		{BFC8AFDC-96D2-4B6C-BDAF-683C4FA85388}.Release|Any CPU.Build.0 = Release|Any CPU
		{133B9DD5-ABCA-4DFB-9391-61AAB6E5C40A}.Debug|Any CPU.ActiveCfg = Debug|Any CPU
		{133B9DD5-ABCA-4DFB-9391-61AAB6E5C40A}.Debug|Any CPU.Build.0 = Debug|Any CPU
		{133B9DD5-ABCA-4DFB-9391-61AAB6E5C40A}.Release|Any CPU.ActiveCfg = Release|Any CPU
		{133B9DD5-ABCA-4DFB-9391-61AAB6E5C40A}.Release|Any CPU.Build.0 = Release|Any CPU
		{3D3BAC89-5ECB-474D-B9D2-6AF9EB3DE61F}.Debug|Any CPU.ActiveCfg = Debug|Any CPU
		{3D3BAC89-5ECB-474D-B9D2-6AF9EB3DE61F}.Debug|Any CPU.Build.0 = Debug|Any CPU
		{3D3BAC89-5ECB-474D-B9D2-6AF9EB3DE61F}.Release|Any CPU.ActiveCfg = Release|Any CPU
		{3D3BAC89-5ECB-474D-B9D2-6AF9EB3DE61F}.Release|Any CPU.Build.0 = Release|Any CPU
	EndGlobalSection
	GlobalSection(SolutionProperties) = preSolution
		HideSolutionNode = FALSE
	EndGlobalSection
	GlobalSection(ExtensibilityGlobals) = postSolution
		SolutionGuid = {62403394-7E6C-4C4B-89AC-428EC5CFADAB}
	EndGlobalSection
EndGlobal
